{
  "name": "backend",
  "version": "1.0.0",
  "lockfileVersion": 3,
  "requires": true,
  "author": "",
  "description": "Backend API for Job Application Tracker",
  "keywords": [
    "job-tracker",
    "api",
    "mongodb",
    "express"
  ],
  "license": "MIT",
  "main": "src/index.js",
  "type": "module",
  "packages": {
    "": {
      "name": "backend",
      "version": "1.0.0",
      "license": "ISC"
    }
  },
  "devDependencies": {
    "@types/jest": "^29.5.8",
    "jest": "^29.7.0",
    "nodemon": "^3.0.2"
  },
  "scripts": {
    "dev": "nodemon src/index.js",
    "start": "node src/index.js",
    "test": "jest"
  }
}
